
Microsoft Visual Studio Solution File, Format Version 12.00
# Visual Studio Version 16
VisualStudioVersion = 16.0.30320.27
MinimumVisualStudioVersion = 10.0.40219.1
Project("{FAE04EC0-301F-11D3-BF4B-00C04F79EFBC}") = "MadaminovBDKyrsach", "MadaminovBDKyrsach\MadaminovBDKyrsach.csproj", "{49210BA5-E602-4C82-B9F0-E7D87ACFA946}"
EndProject
Global
	GlobalSection(SolutionConfigurationPlatforms) = preSolution
		Debug|Any CPU = Debug|Any CPU
		Release|Any CPU = Release|Any CPU
	EndGlobalSection
	GlobalSection(ProjectConfigurationPlatforms) = postSolution
		{49210BA5-E602-4C82-B9F0-E7D87ACFA946}.Debug|Any CPU.ActiveCfg = Debug|Any CPU
		{49210BA5-E602-4C82-B9F0-E7D87ACFA946}.Debug|Any CPU.Build.0 = Debug|Any CPU
		{49210BA5-E602-4C82-B9F0-E7D87ACFA946}.Release|Any CPU.ActiveCfg = Release|Any CPU
		{49210BA5-E602-4C82-B9F0-E7D87ACFA946}.Release|Any CPU.Build.0 = Release|Any CPU
	EndGlobalSection
	GlobalSection(SolutionProperties) = preSolution
		HideSolutionNode = FALSE
	EndGlobalSection
	GlobalSection(ExtensibilityGlobals) = postSolution
		SolutionGuid = {3714383B-8266-4DDE-812F-94419C107CB3}
	EndGlobalSection
EndGlobal
